{
  "name": "kefir-test",
  "version": "0.0.1",
  "lockfileVersion": 1,
  "requires": true,
  "dependencies": {
    "@types/node": {
      "version": "9.4.0",
      "resolved": "https://registry.npmjs.org/@types/node/-/node-9.4.0.tgz",
      "integrity": "sha512-zkYho6/4wZyX6o9UQ8rd0ReEaiEYNNCqYFIAACe2Tf9DrYlgzWW27OigYHnnztnnZQwVRpwWmZKegFmDpinIsA==",
      "dev": true
    },
    "kefir": {
      "version": "3.8.1",
      "resolved": "https://registry.npmjs.org/kefir/-/kefir-3.8.1.tgz",
      "integrity": "sha512-DqeyH7FabWoZTzyRvj9zZMYjekSoEsTFsgRGRGxbt2Ds7OCg8MqSb1PE3xzyZVlBbe5e45oZxfM52IZJZgrjHA==",
      "requires": {
        "symbol-observable": "1.0.4"
      }
    },
    "symbol-observable": {
      "version": "1.0.4",
      "resolved": "https://registry.npmjs.org/symbol-observable/-/symbol-observable-1.0.4.tgz",
      "integrity": "sha1-Kb9hXUqnEhvdiYsi1LP5vE4qoD0="
    },
    "underscore": {
      "version": "1.8.3",
      "resolved": "https://registry.npmjs.org/underscore/-/underscore-1.8.3.tgz",
      "integrity": "sha1-Tz+1OxBuYJf8+ctBCfKl6b36UCI="
    }
  }
}
